<?xml version="1.0" encoding="utf-8"?>
<Project ToolsVersion="4.0" xmlns="http://schemas.microsoft.com/developer/msbuild/2003">
  <ItemGroup>
    <Filter Include="소스 파일">
      <UniqueIdentifier>{4FC737F1-C7A5-4376-A066-2A32D752A2FF}</UniqueIdentifier>
      <Extensions>cpp;c;cc;cxx;def;odl;idl;hpj;bat;asm;asmx</Extensions>
    </Filter>
    <Filter Include="소스 파일\NEWMAT10D">
      <UniqueIdentifier>{a6c3048a-e008-43a5-9311-112cb4bcce2e}</UniqueIdentifier>
    </Filter>
    <Filter Include="소스 파일\NTRIP">
      <UniqueIdentifier>{55746f0c-6bb8-4fc2-8ebe-9fca438dd835}</UniqueIdentifier>
    </Filter>
    <Filter Include="소스 파일\Interface">
      <UniqueIdentifier>{20514dbd-01f3-4c91-bee0-b4a8f065f8d3}</UniqueIdentifier>
    </Filter>
    <Filter Include="헤더 파일">
      <UniqueIdentifier>{93995380-89BD-4b04-88EB-625FBE52EBFB}</UniqueIdentifier>
      <Extensions>h;hpp;hxx;hm;inl;inc;xsd</Extensions>
    </Filter>
    <Filter Include="헤더 파일\NEWMAT10D">
      <UniqueIdentifier>{6f961827-da0d-4029-8d5b-d4c0f8977ed6}</UniqueIdentifier>
    </Filter>
    <Filter Include="헤더 파일\NTRIP">
      <UniqueIdentifier>{0fc54053-a10a-405f-9348-5b840e33d910}</UniqueIdentifier>
    </Filter>
    <Filter Include="헤더 파일\Interface">
      <UniqueIdentifier>{7f14e644-24dd-4f0d-8b31-060a1eb831f2}</UniqueIdentifier>
    </Filter>
    <Filter Include="리소스 파일">
      <UniqueIdentifier>{67DA6AB6-F800-4c08-8B7A-83BB121AAD01}</UniqueIdentifier>
      <Extensions>rc;ico;cur;bmp;dlg;rc2;rct;bin;rgs;gif;jpg;jpeg;jpe;resx;tiff;tif;png;wav</Extensions>
    </Filter>
    <Filter Include="소스 파일\SUBFUNC">
      <UniqueIdentifier>{e6212344-ac0b-43fe-bd6f-475248d6d884}</UniqueIdentifier>
    </Filter>
    <Filter Include="헤더 파일\SUBFUNC">
      <UniqueIdentifier>{0b5d1396-5f81-44e9-afa9-454dcb243581}</UniqueIdentifier>
    </Filter>
    <Filter Include="헤더 파일\NAV">
      <UniqueIdentifier>{7ebd37ae-25c2-4846-aa8d-11996ff68470}</UniqueIdentifier>
    </Filter>
    <Filter Include="소스 파일\NAV">
      <UniqueIdentifier>{1a99da0e-f905-4fb7-b494-2fe662c96f83}</UniqueIdentifier>
    </Filter>
  </ItemGroup>
  <ItemGroup>
    <ClCompile Include="SRC\NEWMAT10D\bandmat.cpp">
      <Filter>소스 파일\NEWMAT10D</Filter>
    </ClCompile>
    <ClCompile Include="SRC\NEWMAT10D\cholesky.cpp">
      <Filter>소스 파일\NEWMAT10D</Filter>
    </ClCompile>
    <ClCompile Include="SRC\NEWMAT10D\evalue.cpp">
      <Filter>소스 파일\NEWMAT10D</Filter>
    </ClCompile>
    <ClCompile Include="SRC\NEWMAT10D\fft.cpp">
      <Filter>소스 파일\NEWMAT10D</Filter>
    </ClCompile>
    <ClCompile Include="SRC\NEWMAT10D\hholder.cpp">
      <Filter>소스 파일\NEWMAT10D</Filter>
    </ClCompile>
    <ClCompile Include="SRC\NEWMAT10D\jacobi.cpp">
      <Filter>소스 파일\NEWMAT10D</Filter>
    </ClCompile>
    <ClCompile Include="SRC\NEWMAT10D\myexcept.cpp">
      <Filter>소스 파일\NEWMAT10D</Filter>
    </ClCompile>
    <ClCompile Include="SRC\NEWMAT10D\newfft.cpp">
      <Filter>소스 파일\NEWMAT10D</Filter>
    </ClCompile>
    <ClCompile Include="SRC\NEWMAT10D\newmat1.cpp">
      <Filter>소스 파일\NEWMAT10D</Filter>
    </ClCompile>
    <ClCompile Include="SRC\NEWMAT10D\newmat2.cpp">
      <Filter>소스 파일\NEWMAT10D</Filter>
    </ClCompile>
    <ClCompile Include="SRC\NEWMAT10D\newmat3.cpp">
      <Filter>소스 파일\NEWMAT10D</Filter>
    </ClCompile>
    <ClCompile Include="SRC\NEWMAT10D\newmat4.cpp">
      <Filter>소스 파일\NEWMAT10D</Filter>
    </ClCompile>
    <ClCompile Include="SRC\NEWMAT10D\newmat5.cpp">
      <Filter>소스 파일\NEWMAT10D</Filter>
    </ClCompile>
    <ClCompile Include="SRC\NEWMAT10D\newmat6.cpp">
      <Filter>소스 파일\NEWMAT10D</Filter>
    </ClCompile>
    <ClCompile Include="SRC\NEWMAT10D\newmat7.cpp">
      <Filter>소스 파일\NEWMAT10D</Filter>
    </ClCompile>
    <ClCompile Include="SRC\NEWMAT10D\newmat8.cpp">
      <Filter>소스 파일\NEWMAT10D</Filter>
    </ClCompile>
    <ClCompile Include="SRC\NEWMAT10D\newmat9.cpp">
      <Filter>소스 파일\NEWMAT10D</Filter>
    </ClCompile>
    <ClCompile Include="SRC\NEWMAT10D\newmatex.cpp">
      <Filter>소스 파일\NEWMAT10D</Filter>
    </ClCompile>
    <ClCompile Include="SRC\NEWMAT10D\newmatnl.cpp">
      <Filter>소스 파일\NEWMAT10D</Filter>
    </ClCompile>
    <ClCompile Include="SRC\NEWMAT10D\newmatrm.cpp">
      <Filter>소스 파일\NEWMAT10D</Filter>
    </ClCompile>
    <ClCompile Include="SRC\NEWMAT10D\solution.cpp">
      <Filter>소스 파일\NEWMAT10D</Filter>
    </ClCompile>
    <ClCompile Include="SRC\NEWMAT10D\sort.cpp">
      <Filter>소스 파일\NEWMAT10D</Filter>
    </ClCompile>
    <ClCompile Include="SRC\NEWMAT10D\submat.cpp">
      <Filter>소스 파일\NEWMAT10D</Filter>
    </ClCompile>
    <ClCompile Include="SRC\NEWMAT10D\svd.cpp">
      <Filter>소스 파일\NEWMAT10D</Filter>
    </ClCompile>
    <ClCompile Include="SRC\NTRIP\NTRIP.cpp">
      <Filter>소스 파일\NTRIP</Filter>
    </ClCompile>
    <ClCompile Include="SRC\NTRIP\NtripSocket.cpp">
      <Filter>소스 파일\NTRIP</Filter>
    </ClCompile>
    <ClCompile Include="RTNetSolution.cpp">
      <Filter>소스 파일\Interface</Filter>
    </ClCompile>
    <ClCompile Include="RTNetSolutionDlg.cpp">
      <Filter>소스 파일\Interface</Filter>
    </ClCompile>
    <ClCompile Include="stdafx.cpp">
      <Filter>소스 파일\Interface</Filter>
    </ClCompile>
    <ClCompile Include="UITNtrip.cpp">
      <Filter>소스 파일\Interface</Filter>
    </ClCompile>
    <ClCompile Include="SRC\SUBFUNC\SUBFUNC.cpp">
      <Filter>소스 파일\SUBFUNC</Filter>
    </ClCompile>
    <ClCompile Include="SRC\NAV\ins.cpp">
      <Filter>소스 파일\NAV</Filter>
    </ClCompile>
  </ItemGroup>
  <ItemGroup>
    <ClInclude Include="SRC\NEWMAT10D\boolean.h">
      <Filter>헤더 파일\NEWMAT10D</Filter>
    </ClInclude>
    <ClInclude Include="SRC\NEWMAT10D\controlw.h">
      <Filter>헤더 파일\NEWMAT10D</Filter>
    </ClInclude>
    <ClInclude Include="SRC\NEWMAT10D\include.h">
      <Filter>헤더 파일\NEWMAT10D</Filter>
    </ClInclude>
    <ClInclude Include="SRC\NEWMAT10D\myexcept.h">
      <Filter>헤더 파일\NEWMAT10D</Filter>
    </ClInclude>
    <ClInclude Include="SRC\NEWMAT10D\newmat.h">
      <Filter>헤더 파일\NEWMAT10D</Filter>
    </ClInclude>
    <ClInclude Include="SRC\NEWMAT10D\newmatap.h">
      <Filter>헤더 파일\NEWMAT10D</Filter>
    </ClInclude>
    <ClInclude Include="SRC\NEWMAT10D\newmatio.h">
      <Filter>헤더 파일\NEWMAT10D</Filter>
    </ClInclude>
    <ClInclude Include="SRC\NEWMAT10D\newmatnl.h">
      <Filter>헤더 파일\NEWMAT10D</Filter>
    </ClInclude>
    <ClInclude Include="SRC\NEWMAT10D\newmatrc.h">
      <Filter>헤더 파일\NEWMAT10D</Filter>
    </ClInclude>
    <ClInclude Include="SRC\NEWMAT10D\newmatrm.h">
      <Filter>헤더 파일\NEWMAT10D</Filter>
    </ClInclude>
    <ClInclude Include="SRC\NEWMAT10D\precisio.h">
      <Filter>헤더 파일\NEWMAT10D</Filter>
    </ClInclude>
    <ClInclude Include="SRC\NEWMAT10D\solution.h">
      <Filter>헤더 파일\NEWMAT10D</Filter>
    </ClInclude>
    <ClInclude Include="SRC\NTRIP\NTRIP.h">
      <Filter>헤더 파일\NTRIP</Filter>
    </ClInclude>
    <ClInclude Include="SRC\NTRIP\NtripSocket.h">
      <Filter>헤더 파일\NTRIP</Filter>
    </ClInclude>
    <ClInclude Include="Resource.h">
      <Filter>헤더 파일\Interface</Filter>
    </ClInclude>
    <ClInclude Include="RTNetSolution.h">
      <Filter>헤더 파일\Interface</Filter>
    </ClInclude>
    <ClInclude Include="RTNetSolutionDlg.h">
      <Filter>헤더 파일\Interface</Filter>
    </ClInclude>
    <ClInclude Include="stdafx.h">
      <Filter>헤더 파일\Interface</Filter>
    </ClInclude>
    <ClInclude Include="UITNtrip.h">
      <Filter>헤더 파일\Interface</Filter>
    </ClInclude>
    <ClInclude Include="SRC\SUBFUNC\SUBFUNC.h">
      <Filter>헤더 파일\SUBFUNC</Filter>
    </ClInclude>
    <ClInclude Include="SRC\NAV\Structure_type.h">
      <Filter>헤더 파일\NAV</Filter>
    </ClInclude>
    <ClInclude Include="SRC\NAV\ins.h">
      <Filter>헤더 파일\NAV</Filter>
    </ClInclude>
  </ItemGroup>
  <ItemGroup>
    <None Include="res\nisl_dev.ico">
      <Filter>리소스 파일</Filter>
    </None>
    <None Include="res\RTNetSolution.ico">
      <Filter>리소스 파일</Filter>
    </None>
    <None Include="res\RTNetSolution.rc2">
      <Filter>리소스 파일</Filter>
    </None>
    <None Include="ReadMe.txt" />
  </ItemGroup>
  <ItemGroup>
    <ResourceCompile Include="RTNetSolution.rc">
      <Filter>리소스 파일</Filter>
    </ResourceCompile>
  </ItemGroup>
</Project>